# This file is automatically @generated by Cargo.
# It is not intended for manual editing.
version = 4

[[package]]
name = "alertthread"
version = "0.0.0"
dependencies = [
 "alertthread-core",
 "alertthread-slack",
 "alertthread-store",
]

[[package]]
name = "alertthread-core"
version = "0.0.0"

[[package]]
name = "alertthread-slack"
version = "0.0.0"
dependencies = [
 "alertthread-core",
]

[[package]]
name = "alertthread-store"
version = "0.0.0"
dependencies = [
 "alertthread-core",
]

[[package]]
name = "slack-mock"
version = "0.0.0"
